
Microsoft Visual Studio Solution File, Format Version 12.00
# Visual Studio Version 17
VisualStudioVersion = 17.6.33815.320
MinimumVisualStudioVersion = 10.0.40219.1
Project("{FAE04EC0-301F-11D3-BF4B-00C04F79EFBC}") = "podloader", "podloader\podloader.csproj", "{2628BADF-F69D-478A-A556-4546CE897991}"
EndProject
Global
	GlobalSection(SolutionConfigurationPlatforms) = preSolution
		Debug|Any CPU = Debug|Any CPU
		Release|Any CPU = Release|Any CPU
	EndGlobalSection
	GlobalSection(ProjectConfigurationPlatforms) = postSolution
		{2628BADF-F69D-478A-A556-4546CE897991}.Debug|Any CPU.ActiveCfg = Debug|Any CPU
		{2628BADF-F69D-478A-A556-4546CE897991}.Debug|Any CPU.Build.0 = Debug|Any CPU
		{2628BADF-F69D-478A-A556-4546CE897991}.Release|Any CPU.ActiveCfg = Release|Any CPU
		{2628BADF-F69D-478A-A556-4546CE897991}.Release|Any CPU.Build.0 = Release|Any CPU
	EndGlobalSection
	GlobalSection(SolutionProperties) = preSolution
		HideSolutionNode = FALSE
	EndGlobalSection
	GlobalSection(ExtensibilityGlobals) = postSolution
		SolutionGuid = {ACC10F22-49AD-4984-8AB7-EA2F735419CF}
	EndGlobalSection
EndGlobal
